
Microsoft Visual Studio Solution File, Format Version 12.00
# Visual Studio Version 17
VisualStudioVersion = 17.14.36511.14 d17.14
MinimumVisualStudioVersion = 10.0.40219.1
Project("{FAE04EC0-301F-11D3-BF4B-00C04F79EFBC}") = "Infrastructure", "Infrastructure\Infrastructure.csproj", "{CACEA9CE-01CD-4825-A398-E703AE9F32A9}"
	ProjectSection(ProjectDependencies) = postProject
		{834F617D-135D-4010-B747-A17E45BCAB32} = {834F617D-135D-4010-B747-A17E45BCAB32}
	EndProjectSection
EndProject
Project("{FAE04EC0-301F-11D3-BF4B-00C04F79EFBC}") = "Domain", "Domain\Domain.csproj", "{834F617D-135D-4010-B747-A17E45BCAB32}"
EndProject
Project("{FAE04EC0-301F-11D3-BF4B-00C04F79EFBC}") = "Application", "Application\Application.csproj", "{05D627F6-FA9A-4BC4-B9E9-CB1C32468BB7}"
EndProject
Project("{FAE04EC0-301F-11D3-BF4B-00C04F79EFBC}") = "Presentation", "Presentation\Presentation.csproj", "{66DDC9D0-C28B-41BD-8F64-DB8672527ABC}"
EndProject
Global
	GlobalSection(SolutionConfigurationPlatforms) = preSolution
		Debug|Any CPU = Debug|Any CPU
		Release|Any CPU = Release|Any CPU
	EndGlobalSection
	GlobalSection(ProjectConfigurationPlatforms) = postSolution
		{CACEA9CE-01CD-4825-A398-E703AE9F32A9}.Debug|Any CPU.ActiveCfg = Debug|Any CPU
		{CACEA9CE-01CD-4825-A398-E703AE9F32A9}.Debug|Any CPU.Build.0 = Debug|Any CPU
		{CACEA9CE-01CD-4825-A398-E703AE9F32A9}.Release|Any CPU.ActiveCfg = Release|Any CPU
		{CACEA9CE-01CD-4825-A398-E703AE9F32A9}.Release|Any CPU.Build.0 = Release|Any CPU
		{834F617D-135D-4010-B747-A17E45BCAB32}.Debug|Any CPU.ActiveCfg = Debug|Any CPU
		{834F617D-135D-4010-B747-A17E45BCAB32}.Debug|Any CPU.Build.0 = Debug|Any CPU
		{834F617D-135D-4010-B747-A17E45BCAB32}.Release|Any CPU.ActiveCfg = Release|Any CPU
		{834F617D-135D-4010-B747-A17E45BCAB32}.Release|Any CPU.Build.0 = Release|Any CPU
		{05D627F6-FA9A-4BC4-B9E9-CB1C32468BB7}.Debug|Any CPU.ActiveCfg = Debug|Any CPU
		{05D627F6-FA9A-4BC4-B9E9-CB1C32468BB7}.Debug|Any CPU.Build.0 = Debug|Any CPU
		{05D627F6-FA9A-4BC4-B9E9-CB1C32468BB7}.Release|Any CPU.ActiveCfg = Release|Any CPU
		{05D627F6-FA9A-4BC4-B9E9-CB1C32468BB7}.Release|Any CPU.Build.0 = Release|Any CPU
		{66DDC9D0-C28B-41BD-8F64-DB8672527ABC}.Debug|Any CPU.ActiveCfg = Debug|Any CPU
		{66DDC9D0-C28B-41BD-8F64-DB8672527ABC}.Debug|Any CPU.Build.0 = Debug|Any CPU
		{66DDC9D0-C28B-41BD-8F64-DB8672527ABC}.Release|Any CPU.ActiveCfg = Release|Any CPU
		{66DDC9D0-C28B-41BD-8F64-DB8672527ABC}.Release|Any CPU.Build.0 = Release|Any CPU
	EndGlobalSection
	GlobalSection(SolutionProperties) = preSolution
		HideSolutionNode = FALSE
	EndGlobalSection
	GlobalSection(ExtensibilityGlobals) = postSolution
		SolutionGuid = {F267E47A-B1FA-4A69-9EE7-2DB7DE33BFC3}
	EndGlobalSection
EndGlobal
